// !$*UTF8*$!
{
	archiveVersion = 1;
	classes = {
	};
	objectVersion = 56;
	objects = {

/* Begin PBXBuildFile section */
		E9057DBE2924D36600623C27 /* 374.swift in Sources */ = {isa = PBXBuildFile; fileRef = E9057DBD2924D36600623C27 /* 374.swift */; };
		E9057DC02924DD2600623C27 /* 240.swift in Sources */ = {isa = PBXBuildFile; fileRef = E9057DBF2924DD2600623C27 /* 240.swift */; };
		E9057DC22924EBCF00623C27 /* 435.swift in Sources */ = {isa = PBXBuildFile; fileRef = E9057DC12924EBCF00623C27 /* 435.swift */; };
		E9184B532905448100509C12 /* 206.swift in Sources */ = {isa = PBXBuildFile; fileRef = E9184B522905448100509C12 /* 206.swift */; };
		E9184B5529054C9900509C12 /* 83.swift in Sources */ = {isa = PBXBuildFile; fileRef = E9184B5429054C9900509C12 /* 83.swift */; };
		E9184B572905528C00509C12 /* ListNode.swift in Sources */ = {isa = PBXBuildFile; fileRef = E9184B562905528C00509C12 /* ListNode.swift */; };
		E926E2582907CFD0004685BA /* TreeNode.swift in Sources */ = {isa = PBXBuildFile; fileRef = E926E2572907CFD0004685BA /* TreeNode.swift */; };
		E926E25A2907D0B4004685BA /* 144.swift in Sources */ = {isa = PBXBuildFile; fileRef = E926E2592907D0B4004685BA /* 144.swift */; };
		E9455C332907E5D4008A9951 /* 94.swift in Sources */ = {isa = PBXBuildFile; fileRef = E9455C322907E5D4008A9951 /* 94.swift */; };
		E9455C352907EB5E008A9951 /* 145.swift in Sources */ = {isa = PBXBuildFile; fileRef = E9455C342907EB5E008A9951 /* 145.swift */; };
		E951F29F290BF621005EF1B2 /* 700.swift in Sources */ = {isa = PBXBuildFile; fileRef = E951F29E290BF621005EF1B2 /* 700.swift */; };
		E959C00129336C2D00D13B09 /* 55.swift in Sources */ = {isa = PBXBuildFile; fileRef = E959C00029336C2D00D13B09 /* 55.swift */; };
		E959C00329336D7F00D13B09 /* 45.swift in Sources */ = {isa = PBXBuildFile; fileRef = E959C00229336D7F00D13B09 /* 45.swift */; };
		E959C00529336FA400D13B09 /* 446.swift in Sources */ = {isa = PBXBuildFile; fileRef = E959C00429336FA400D13B09 /* 446.swift */; };
		E95A18C6292CD09B00DB8B32 /* 279.swift in Sources */ = {isa = PBXBuildFile; fileRef = E95A18C5292CD09B00DB8B32 /* 279.swift */; };
		E95EDBB9292E630400AE8B5B /* 1290.swift in Sources */ = {isa = PBXBuildFile; fileRef = E95EDBB8292E630400AE8B5B /* 1290.swift */; };
		E95EDBBB292E67DB00AE8B5B /* 876.swift in Sources */ = {isa = PBXBuildFile; fileRef = E95EDBBA292E67DB00AE8B5B /* 876.swift */; };
		E95EDBBD292E6ABF00AE8B5B /* 404.swift in Sources */ = {isa = PBXBuildFile; fileRef = E95EDBBC292E6ABF00AE8B5B /* 404.swift */; };
		E95EDBBF292E6EB100AE8B5B /* 1356.swift in Sources */ = {isa = PBXBuildFile; fileRef = E95EDBBE292E6EB100AE8B5B /* 1356.swift */; };
		E95EDBC1292E73D200AE8B5B /* 217.swift in Sources */ = {isa = PBXBuildFile; fileRef = E95EDBC0292E73D200AE8B5B /* 217.swift */; };
		E95EDBC3292E844800AE8B5B /* 232bis.swift in Sources */ = {isa = PBXBuildFile; fileRef = E95EDBC2292E844800AE8B5B /* 232bis.swift */; };
		E9651AC9292C15F500D40B6F /* 953.swift in Sources */ = {isa = PBXBuildFile; fileRef = E9651AC8292C15F400D40B6F /* 953.swift */; };
		E96551D12923D191002BD027 /* 222.swift in Sources */ = {isa = PBXBuildFile; fileRef = E96551D02923D191002BD027 /* 222.swift */; };
		E9668B022919CDB100440D9A /* EnaryTreeHelper.swift in Sources */ = {isa = PBXBuildFile; fileRef = E9668B012919CDB100440D9A /* EnaryTreeHelper.swift */; };
		E967E47529362CBF00B04987 /* 380.swift in Sources */ = {isa = PBXBuildFile; fileRef = E967E47429362CBF00B04987 /* 380.swift */; };
		E967E47729362EA300B04987 /* 152.swift in Sources */ = {isa = PBXBuildFile; fileRef = E967E47629362EA300B04987 /* 152.swift */; };
		E967E4792936347B00B04987 /* 1567.swift in Sources */ = {isa = PBXBuildFile; fileRef = E967E4782936347B00B04987 /* 1567.swift */; };
		E96A3577290E64C400451892 /* 70.swift in Sources */ = {isa = PBXBuildFile; fileRef = E96A3576290E64C400451892 /* 70.swift */; };
		E96A3579290E681F00451892 /* 746.swift in Sources */ = {isa = PBXBuildFile; fileRef = E96A3578290E681F00451892 /* 746.swift */; };
		E96A357B290F304E00451892 /* 136.swift in Sources */ = {isa = PBXBuildFile; fileRef = E96A357A290F304E00451892 /* 136.swift */; };
		E96A357D290F337600451892 /* 169.swift in Sources */ = {isa = PBXBuildFile; fileRef = E96A357C290F337600451892 /* 169.swift */; };
		E96A357F290F37A800451892 /* 15.swift in Sources */ = {isa = PBXBuildFile; fileRef = E96A357E290F37A800451892 /* 15.swift */; };
		E96B536B291507A500C06C94 /* 345.swift in Sources */ = {isa = PBXBuildFile; fileRef = E96B536A291507A500C06C94 /* 345.swift */; };
		E96B536D2915105000C06C94 /* 433.swift in Sources */ = {isa = PBXBuildFile; fileRef = E96B536C2915105000C06C94 /* 433.swift */; };
		E96B536F291521B400C06C94 /* 1706.swift in Sources */ = {isa = PBXBuildFile; fileRef = E96B536E291521B400C06C94 /* 1706.swift */; };
		E96B53712915258600C06C94 /* Node.swift in Sources */ = {isa = PBXBuildFile; fileRef = E96B53702915258600C06C94 /* Node.swift */; };
		E96B5375291533E700C06C94 /* 589.swift in Sources */ = {isa = PBXBuildFile; fileRef = E96B5374291533E700C06C94 /* 589.swift */; };
		E96B537729153BDC00C06C94 /* 496.swift in Sources */ = {isa = PBXBuildFile; fileRef = E96B537629153BDC00C06C94 /* 496.swift */; };
		E96B5379291540FD00C06C94 /* 1232.swift in Sources */ = {isa = PBXBuildFile; fileRef = E96B5378291540FD00C06C94 /* 1232.swift */; };
		E96B866328FFD8C800E9F022 /* 566.swift in Sources */ = {isa = PBXBuildFile; fileRef = E96B866228FFD8C800E9F022 /* 566.swift */; };
		E96B866528FFEA1400E9F022 /* 118.swift in Sources */ = {isa = PBXBuildFile; fileRef = E96B866428FFEA1400E9F022 /* 118.swift */; };
		E96B86672900002300E9F022 /* 692.swift in Sources */ = {isa = PBXBuildFile; fileRef = E96B86662900002300E9F022 /* 692.swift */; };
		E96BFE892935255700588F93 /* 2225.swift in Sources */ = {isa = PBXBuildFile; fileRef = E96BFE882935255700588F93 /* 2225.swift */; };
		E96BFE8B293528F700588F93 /* 53.swift in Sources */ = {isa = PBXBuildFile; fileRef = E96BFE8A293528F600588F93 /* 53.swift */; };
		E96BFE8D29352BA400588F93 /* 918.swift in Sources */ = {isa = PBXBuildFile; fileRef = E96BFE8C29352BA400588F93 /* 918.swift */; };
		E96CD2152910347000C88850 /* 198.swift in Sources */ = {isa = PBXBuildFile; fileRef = E96CD2142910347000C88850 /* 198.swift */; };
		E96CD21729103AC400C88850 /* 1523.swift in Sources */ = {isa = PBXBuildFile; fileRef = E96CD21629103AC400C88850 /* 1523.swift */; };
		E96CD21929103F9F00C88850 /* 1491.swift in Sources */ = {isa = PBXBuildFile; fileRef = E96CD21829103F9F00C88850 /* 1491.swift */; };
		E96CD21B29104F8800C88850 /* 213.swift in Sources */ = {isa = PBXBuildFile; fileRef = E96CD21A29104F8800C88850 /* 213.swift */; };
		E96CD21D2910537D00C88850 /* 740.swift in Sources */ = {isa = PBXBuildFile; fileRef = E96CD21C2910537D00C88850 /* 740.swift */; };
		E96DB3EC2912C0EF00CCD8F1 /* 976.swift in Sources */ = {isa = PBXBuildFile; fileRef = E96DB3EB2912C0EF00CCD8F1 /* 976.swift */; };
		E96DB3EE2912C47500CCD8F1 /* 1779.swift in Sources */ = {isa = PBXBuildFile; fileRef = E96DB3ED2912C47500CCD8F1 /* 1779.swift */; };
		E96DB3F02913B8ED00CCD8F1 /* 1822.swift in Sources */ = {isa = PBXBuildFile; fileRef = E96DB3EF2913B8ED00CCD8F1 /* 1822.swift */; };
		E96DB3F22913BC5700CCD8F1 /* 1502.swift in Sources */ = {isa = PBXBuildFile; fileRef = E96DB3F12913BC5700CCD8F1 /* 1502.swift */; };
		E96DB3F42913C13100CCD8F1 /* 202.swift in Sources */ = {isa = PBXBuildFile; fileRef = E96DB3F32913C13100CCD8F1 /* 202.swift */; };
		E96DB3F62913F2EE00CCD8F1 /* 1790.swift in Sources */ = {isa = PBXBuildFile; fileRef = E96DB3F52913F2EE00CCD8F1 /* 1790.swift */; };
		E975ED77290677CB00533948 /* 20.swift in Sources */ = {isa = PBXBuildFile; fileRef = E975ED76290677CB00533948 /* 20.swift */; };
		E975ED7929067B2C00533948 /* 232.swift in Sources */ = {isa = PBXBuildFile; fileRef = E975ED7829067B2C00533948 /* 232.swift */; };
		E978677C290BFCB200783F93 /* 701.swift in Sources */ = {isa = PBXBuildFile; fileRef = E978677B290BFCB200783F93 /* 701.swift */; };
		E97B785D29279848008493C5 /* 263.swift in Sources */ = {isa = PBXBuildFile; fileRef = E97B785C29279848008493C5 /* 263.swift */; };
		E97B785F29279B2E008493C5 /* 1588.swift in Sources */ = {isa = PBXBuildFile; fileRef = E97B785E29279B2E008493C5 /* 1588.swift */; };
		E97B78612927A38B008493C5 /* 283.swift in Sources */ = {isa = PBXBuildFile; fileRef = E97B78602927A38B008493C5 /* 283.swift */; };
		E97B78632927A81D008493C5 /* 1672.swift in Sources */ = {isa = PBXBuildFile; fileRef = E97B78622927A81D008493C5 /* 1672.swift */; };
		E97E21E0290FE9D90092F32D /* 75.swift in Sources */ = {isa = PBXBuildFile; fileRef = E97E21DF290FE9D90092F32D /* 75.swift */; };
		E97E21E2290FF4EF0092F32D /* 56.swift in Sources */ = {isa = PBXBuildFile; fileRef = E97E21E1290FF4EF0092F32D /* 56.swift */; };
		E97E21E4291003570092F32D /* 706.swift in Sources */ = {isa = PBXBuildFile; fileRef = E97E21E3291003570092F32D /* 706.swift */; };
		E98716DB292A2ABE00C29061 /* 587.swift in Sources */ = {isa = PBXBuildFile; fileRef = E98716DA292A2ABE00C29061 /* 587.swift */; };
		E98716DD292A838300C29061 /* 1572.swift in Sources */ = {isa = PBXBuildFile; fileRef = E98716DC292A838300C29061 /* 1572.swift */; };
		E98716DF292A8A8F00C29061 /* 389.swift in Sources */ = {isa = PBXBuildFile; fileRef = E98716DE292A8A8F00C29061 /* 389.swift */; };
		E98716E1292A8FEE00C29061 /* 1678.swift in Sources */ = {isa = PBXBuildFile; fileRef = E98716E0292A8FEE00C29061 /* 1678.swift */; };
		E98716E3292A959B00C29061 /* 1768.swift in Sources */ = {isa = PBXBuildFile; fileRef = E98716E2292A959B00C29061 /* 1768.swift */; };
		E9872FCE290D37DD00DDEA15 /* 98.swift in Sources */ = {isa = PBXBuildFile; fileRef = E9872FCD290D37DD00DDEA15 /* 98.swift */; };
		E9872FD0290D436B00DDEA15 /* 653.swift in Sources */ = {isa = PBXBuildFile; fileRef = E9872FCF290D436B00DDEA15 /* 653.swift */; };
		E9872FD3290D54DF00DDEA15 /* 235.swift in Sources */ = {isa = PBXBuildFile; fileRef = E9872FD2290D54DF00DDEA15 /* 235.swift */; };
		E9872FD5290D6FD200DDEA15 /* 509.swift in Sources */ = {isa = PBXBuildFile; fileRef = E9872FD4290D6FD200DDEA15 /* 509.swift */; };
		E9872FD7290D738800DDEA15 /* 1137.swift in Sources */ = {isa = PBXBuildFile; fileRef = E9872FD6290D738800DDEA15 /* 1137.swift */; };
		E9922B692937629700BFD52E /* 1207.swift in Sources */ = {isa = PBXBuildFile; fileRef = E9922B682937629700BFD52E /* 1207.swift */; };
		E9922B6B2937795400BFD52E /* 1014.swift in Sources */ = {isa = PBXBuildFile; fileRef = E9922B6A2937795400BFD52E /* 1014.swift */; };
		E9922B6D29377EB600BFD52E /* 122.swift in Sources */ = {isa = PBXBuildFile; fileRef = E9922B6C29377EB600BFD52E /* 122.swift */; };
		E9922B6F2938B35100BFD52E /* 1704.swift in Sources */ = {isa = PBXBuildFile; fileRef = E9922B6E2938B35100BFD52E /* 1704.swift */; };
		E9922B712938B5E700BFD52E /* 309.swift in Sources */ = {isa = PBXBuildFile; fileRef = E9922B702938B5E700BFD52E /* 309.swift */; };
		E9922B752938BA5300BFD52E /* 714.swift in Sources */ = {isa = PBXBuildFile; fileRef = E9922B742938BA5300BFD52E /* 714.swift */; };
		E9942FAA2901A8A2005831CD /* 36.swift in Sources */ = {isa = PBXBuildFile; fileRef = E9942FA92901A8A2005831CD /* 36.swift */; };
		E9942FAC2901D9A2005831CD /* 74.swift in Sources */ = {isa = PBXBuildFile; fileRef = E9942FAB2901D9A2005831CD /* 74.swift */; };
		E9947179293A018F00087710 /* 1657.swift in Sources */ = {isa = PBXBuildFile; fileRef = E9947178293A018F00087710 /* 1657.swift */; };
		E994717B293A06F400087710 /* 42.swift in Sources */ = {isa = PBXBuildFile; fileRef = E994717A293A06F400087710 /* 42.swift */; };
		E994717D293A0C9F00087710 /* 139.swift in Sources */ = {isa = PBXBuildFile; fileRef = E994717C293A0C9F00087710 /* 139.swift */; };
		E9B2FD5F28FEAC34001F2DB7 /* main.swift in Sources */ = {isa = PBXBuildFile; fileRef = E9B2FD5E28FEAC34001F2DB7 /* main.swift */; };
		E9B2FD6628FEB4CD001F2DB7 /* 121.swift in Sources */ = {isa = PBXBuildFile; fileRef = E9B2FD6528FEB4CD001F2DB7 /* 121.swift */; };
		E9B2FD6828FEB616001F2DB7 /* 350.swift in Sources */ = {isa = PBXBuildFile; fileRef = E9B2FD6728FEB616001F2DB7 /* 350.swift */; };
		E9B5ADEB292BBF2300BC3980 /* 1926.swift in Sources */ = {isa = PBXBuildFile; fileRef = E9B5ADEA292BBF2300BC3980 /* 1926.swift */; };
		E9B5ADED292BC89E00BC3980 /* 709.swift in Sources */ = {isa = PBXBuildFile; fileRef = E9B5ADEC292BC89E00BC3980 /* 709.swift */; };
		E9B5ADEF292BCD2000BC3980 /* 1309.swift in Sources */ = {isa = PBXBuildFile; fileRef = E9B5ADEE292BCD2000BC3980 /* 1309.swift */; };
		E9BE90ED29092A39005ABE0B /* 102.swift in Sources */ = {isa = PBXBuildFile; fileRef = E9BE90EC29092A39005ABE0B /* 102.swift */; };
		E9BE90EF29092B95005ABE0B /* BinaryTreeHelper.swift in Sources */ = {isa = PBXBuildFile; fileRef = E9BE90EE29092B95005ABE0B /* BinaryTreeHelper.swift */; };
		E9BE90F6290932EB005ABE0B /* template.swift in Sources */ = {isa = PBXBuildFile; fileRef = E9BE90F5290932EB005ABE0B /* template.swift */; };
		E9BE90F82909379D005ABE0B /* 104.swift in Sources */ = {isa = PBXBuildFile; fileRef = E9BE90F72909379D005ABE0B /* 104.swift */; };
		E9BE90FA290939A0005ABE0B /* 101.swift in Sources */ = {isa = PBXBuildFile; fileRef = E9BE90F9290939A0005ABE0B /* 101.swift */; };
		E9BE90FC2909400A005ABE0B /* LinkedListHelper.swift in Sources */ = {isa = PBXBuildFile; fileRef = E9BE90FB2909400A005ABE0B /* LinkedListHelper.swift */; };
		E9C811E6292FB11700E0C809 /* 79.swift in Sources */ = {isa = PBXBuildFile; fileRef = E9C811E5292FB11700E0C809 /* 79.swift */; };
		E9C811E82930077200E0C809 /* 1603.swift in Sources */ = {isa = PBXBuildFile; fileRef = E9C811E72930077200E0C809 /* 1603.swift */; };
		E9C811EA29300AFC00E0C809 /* 303.swift in Sources */ = {isa = PBXBuildFile; fileRef = E9C811E929300AFC00E0C809 /* 303.swift */; };
		E9C9E9DE291413B80009DBD4 /* 2131.swift in Sources */ = {isa = PBXBuildFile; fileRef = E9C9E9DD291413B80009DBD4 /* 2131.swift */; };
		E9D55EC5290A745500B9AB4F /* 226.swift in Sources */ = {isa = PBXBuildFile; fileRef = E9D55EC4290A745500B9AB4F /* 226.swift */; };
		E9D55EC7290A793B00B9AB4F /* 112.swift in Sources */ = {isa = PBXBuildFile; fileRef = E9D55EC6290A793B00B9AB4F /* 112.swift */; };
		E9E53DED2926333F007FB018 /* 223.swift in Sources */ = {isa = PBXBuildFile; fileRef = E9E53DEC2926333F007FB018 /* 223.swift */; };
		E9E7B7D129042CB8003E1435 /* 141.swift in Sources */ = {isa = PBXBuildFile; fileRef = E9E7B7D029042CB8003E1435 /* 141.swift */; };
		E9E7B7D32904323D003E1435 /* 203.swift in Sources */ = {isa = PBXBuildFile; fileRef = E9E7B7D22904323D003E1435 /* 203.swift */; };
		E9E7B7D529043318003E1435 /* 21.swift in Sources */ = {isa = PBXBuildFile; fileRef = E9E7B7D429043318003E1435 /* 21.swift */; };
		E9EE24762911878400149D5D /* 191.swift in Sources */ = {isa = PBXBuildFile; fileRef = E9EE24752911878400149D5D /* 191.swift */; };
		E9EE247829118C2C00149D5D /* 1281.swift in Sources */ = {isa = PBXBuildFile; fileRef = E9EE247729118C2C00149D5D /* 1281.swift */; };
		E9EE247A291190EC00149D5D /* 119.swift in Sources */ = {isa = PBXBuildFile; fileRef = E9EE2479291190EC00149D5D /* 119.swift */; };
		E9F5D7052902E22F00841416 /* 387.swift in Sources */ = {isa = PBXBuildFile; fileRef = E9F5D7042902E22F00841416 /* 387.swift */; };
		E9F5D7072902E3DE00841416 /* 383.swift in Sources */ = {isa = PBXBuildFile; fileRef = E9F5D7062902E3DE00841416 /* 383.swift */; };
		E9F5D7092902F63C00841416 /* 242.swift in Sources */ = {isa = PBXBuildFile; fileRef = E9F5D7082902F63C00841416 /* 242.swift */; };
/* End PBXBuildFile section */

/* Begin PBXCopyFilesBuildPhase section */
		E9B2FD5928FEAC34001F2DB7 /* CopyFiles */ = {
			isa = PBXCopyFilesBuildPhase;
			buildActionMask = 2147483647;
			dstPath = /usr/share/man/man1/;
			dstSubfolderSpec = 0;
			files = (
			);
			runOnlyForDeploymentPostprocessing = 1;
		};
/* End PBXCopyFilesBuildPhase section */

/* Begin PBXFileReference section */
		E9057DBD2924D36600623C27 /* 374.swift */ = {isa = PBXFileReference; lastKnownFileType = sourcecode.swift; path = 374.swift; sourceTree = "<group>"; };
		E9057DBF2924DD2600623C27 /* 240.swift */ = {isa = PBXFileReference; lastKnownFileType = sourcecode.swift; path = 240.swift; sourceTree = "<group>"; };
		E9057DC12924EBCF00623C27 /* 435.swift */ = {isa = PBXFileReference; lastKnownFileType = sourcecode.swift; path = 435.swift; sourceTree = "<group>"; };
		E9184B522905448100509C12 /* 206.swift */ = {isa = PBXFileReference; lastKnownFileType = sourcecode.swift; path = 206.swift; sourceTree = "<group>"; };
		E9184B5429054C9900509C12 /* 83.swift */ = {isa = PBXFileReference; lastKnownFileType = sourcecode.swift; path = 83.swift; sourceTree = "<group>"; };
		E9184B562905528C00509C12 /* ListNode.swift */ = {isa = PBXFileReference; lastKnownFileType = sourcecode.swift; path = ListNode.swift; sourceTree = "<group>"; };
		E926E2572907CFD0004685BA /* TreeNode.swift */ = {isa = PBXFileReference; lastKnownFileType = sourcecode.swift; path = TreeNode.swift; sourceTree = "<group>"; };
		E926E2592907D0B4004685BA /* 144.swift */ = {isa = PBXFileReference; lastKnownFileType = sourcecode.swift; path = 144.swift; sourceTree = "<group>"; };
		E9455C322907E5D4008A9951 /* 94.swift */ = {isa = PBXFileReference; lastKnownFileType = sourcecode.swift; path = 94.swift; sourceTree = "<group>"; };
		E9455C342907EB5E008A9951 /* 145.swift */ = {isa = PBXFileReference; lastKnownFileType = sourcecode.swift; path = 145.swift; sourceTree = "<group>"; };
		E951F29E290BF621005EF1B2 /* 700.swift */ = {isa = PBXFileReference; lastKnownFileType = sourcecode.swift; path = 700.swift; sourceTree = "<group>"; };
		E959C00029336C2D00D13B09 /* 55.swift */ = {isa = PBXFileReference; lastKnownFileType = sourcecode.swift; path = 55.swift; sourceTree = "<group>"; };
		E959C00229336D7F00D13B09 /* 45.swift */ = {isa = PBXFileReference; lastKnownFileType = sourcecode.swift; path = 45.swift; sourceTree = "<group>"; };
		E959C00429336FA400D13B09 /* 446.swift */ = {isa = PBXFileReference; lastKnownFileType = sourcecode.swift; path = 446.swift; sourceTree = "<group>"; };
		E95A18C5292CD09B00DB8B32 /* 279.swift */ = {isa = PBXFileReference; lastKnownFileType = sourcecode.swift; path = 279.swift; sourceTree = "<group>"; };
		E95EDBB8292E630400AE8B5B /* 1290.swift */ = {isa = PBXFileReference; lastKnownFileType = sourcecode.swift; path = 1290.swift; sourceTree = "<group>"; };
		E95EDBBA292E67DB00AE8B5B /* 876.swift */ = {isa = PBXFileReference; lastKnownFileType = sourcecode.swift; path = 876.swift; sourceTree = "<group>"; };
		E95EDBBC292E6ABF00AE8B5B /* 404.swift */ = {isa = PBXFileReference; lastKnownFileType = sourcecode.swift; path = 404.swift; sourceTree = "<group>"; };
		E95EDBBE292E6EB100AE8B5B /* 1356.swift */ = {isa = PBXFileReference; lastKnownFileType = sourcecode.swift; path = 1356.swift; sourceTree = "<group>"; };
		E95EDBC0292E73D200AE8B5B /* 217.swift */ = {isa = PBXFileReference; lastKnownFileType = sourcecode.swift; path = 217.swift; sourceTree = "<group>"; };
		E95EDBC2292E844800AE8B5B /* 232bis.swift */ = {isa = PBXFileReference; lastKnownFileType = sourcecode.swift; path = 232bis.swift; sourceTree = "<group>"; };
		E9651AC8292C15F400D40B6F /* 953.swift */ = {isa = PBXFileReference; lastKnownFileType = sourcecode.swift; path = 953.swift; sourceTree = "<group>"; };
		E96551D02923D191002BD027 /* 222.swift */ = {isa = PBXFileReference; lastKnownFileType = sourcecode.swift; path = 222.swift; sourceTree = "<group>"; };
		E9668B012919CDB100440D9A /* EnaryTreeHelper.swift */ = {isa = PBXFileReference; lastKnownFileType = sourcecode.swift; path = EnaryTreeHelper.swift; sourceTree = "<group>"; };
		E967E47429362CBF00B04987 /* 380.swift */ = {isa = PBXFileReference; lastKnownFileType = sourcecode.swift; path = 380.swift; sourceTree = "<group>"; };
		E967E47629362EA300B04987 /* 152.swift */ = {isa = PBXFileReference; lastKnownFileType = sourcecode.swift; path = 152.swift; sourceTree = "<group>"; };
		E967E4782936347B00B04987 /* 1567.swift */ = {isa = PBXFileReference; lastKnownFileType = sourcecode.swift; path = 1567.swift; sourceTree = "<group>"; };
		E96A3576290E64C400451892 /* 70.swift */ = {isa = PBXFileReference; lastKnownFileType = sourcecode.swift; path = 70.swift; sourceTree = "<group>"; };
		E96A3578290E681F00451892 /* 746.swift */ = {isa = PBXFileReference; lastKnownFileType = sourcecode.swift; path = 746.swift; sourceTree = "<group>"; };
		E96A357A290F304E00451892 /* 136.swift */ = {isa = PBXFileReference; lastKnownFileType = sourcecode.swift; path = 136.swift; sourceTree = "<group>"; };
		E96A357C290F337600451892 /* 169.swift */ = {isa = PBXFileReference; lastKnownFileType = sourcecode.swift; path = 169.swift; sourceTree = "<group>"; };
		E96A357E290F37A800451892 /* 15.swift */ = {isa = PBXFileReference; lastKnownFileType = sourcecode.swift; path = 15.swift; sourceTree = "<group>"; };
		E96B536A291507A500C06C94 /* 345.swift */ = {isa = PBXFileReference; lastKnownFileType = sourcecode.swift; path = 345.swift; sourceTree = "<group>"; };
		E96B536C2915105000C06C94 /* 433.swift */ = {isa = PBXFileReference; lastKnownFileType = sourcecode.swift; path = 433.swift; sourceTree = "<group>"; };
		E96B536E291521B400C06C94 /* 1706.swift */ = {isa = PBXFileReference; lastKnownFileType = sourcecode.swift; path = 1706.swift; sourceTree = "<group>"; };
		E96B53702915258600C06C94 /* Node.swift */ = {isa = PBXFileReference; lastKnownFileType = sourcecode.swift; path = Node.swift; sourceTree = "<group>"; };
		E96B5374291533E700C06C94 /* 589.swift */ = {isa = PBXFileReference; lastKnownFileType = sourcecode.swift; path = 589.swift; sourceTree = "<group>"; };
		E96B537629153BDC00C06C94 /* 496.swift */ = {isa = PBXFileReference; lastKnownFileType = sourcecode.swift; path = 496.swift; sourceTree = "<group>"; };
		E96B5378291540FD00C06C94 /* 1232.swift */ = {isa = PBXFileReference; lastKnownFileType = sourcecode.swift; path = 1232.swift; sourceTree = "<group>"; };
		E96B866228FFD8C800E9F022 /* 566.swift */ = {isa = PBXFileReference; lastKnownFileType = sourcecode.swift; path = 566.swift; sourceTree = "<group>"; };
		E96B866428FFEA1400E9F022 /* 118.swift */ = {isa = PBXFileReference; lastKnownFileType = sourcecode.swift; path = 118.swift; sourceTree = "<group>"; };
		E96B86662900002300E9F022 /* 692.swift */ = {isa = PBXFileReference; lastKnownFileType = sourcecode.swift; path = 692.swift; sourceTree = "<group>"; };
		E96BFE882935255700588F93 /* 2225.swift */ = {isa = PBXFileReference; lastKnownFileType = sourcecode.swift; path = 2225.swift; sourceTree = "<group>"; };
		E96BFE8A293528F600588F93 /* 53.swift */ = {isa = PBXFileReference; lastKnownFileType = sourcecode.swift; path = 53.swift; sourceTree = "<group>"; };
		E96BFE8C29352BA400588F93 /* 918.swift */ = {isa = PBXFileReference; lastKnownFileType = sourcecode.swift; path = 918.swift; sourceTree = "<group>"; };
		E96CD2142910347000C88850 /* 198.swift */ = {isa = PBXFileReference; lastKnownFileType = sourcecode.swift; path = 198.swift; sourceTree = "<group>"; };
		E96CD21629103AC400C88850 /* 1523.swift */ = {isa = PBXFileReference; lastKnownFileType = sourcecode.swift; path = 1523.swift; sourceTree = "<group>"; };
		E96CD21829103F9F00C88850 /* 1491.swift */ = {isa = PBXFileReference; lastKnownFileType = sourcecode.swift; path = 1491.swift; sourceTree = "<group>"; };
		E96CD21A29104F8800C88850 /* 213.swift */ = {isa = PBXFileReference; lastKnownFileType = sourcecode.swift; path = 213.swift; sourceTree = "<group>"; };
		E96CD21C2910537D00C88850 /* 740.swift */ = {isa = PBXFileReference; lastKnownFileType = sourcecode.swift; path = 740.swift; sourceTree = "<group>"; };
		E96DB3EB2912C0EF00CCD8F1 /* 976.swift */ = {isa = PBXFileReference; lastKnownFileType = sourcecode.swift; path = 976.swift; sourceTree = "<group>"; };
		E96DB3ED2912C47500CCD8F1 /* 1779.swift */ = {isa = PBXFileReference; lastKnownFileType = sourcecode.swift; path = 1779.swift; sourceTree = "<group>"; };
		E96DB3EF2913B8ED00CCD8F1 /* 1822.swift */ = {isa = PBXFileReference; lastKnownFileType = sourcecode.swift; path = 1822.swift; sourceTree = "<group>"; };
		E96DB3F12913BC5700CCD8F1 /* 1502.swift */ = {isa = PBXFileReference; lastKnownFileType = sourcecode.swift; path = 1502.swift; sourceTree = "<group>"; };
		E96DB3F32913C13100CCD8F1 /* 202.swift */ = {isa = PBXFileReference; lastKnownFileType = sourcecode.swift; path = 202.swift; sourceTree = "<group>"; };
		E96DB3F52913F2EE00CCD8F1 /* 1790.swift */ = {isa = PBXFileReference; lastKnownFileType = sourcecode.swift; path = 1790.swift; sourceTree = "<group>"; };
		E975ED76290677CB00533948 /* 20.swift */ = {isa = PBXFileReference; lastKnownFileType = sourcecode.swift; path = 20.swift; sourceTree = "<group>"; };
		E975ED7829067B2C00533948 /* 232.swift */ = {isa = PBXFileReference; lastKnownFileType = sourcecode.swift; path = 232.swift; sourceTree = "<group>"; };
		E978677B290BFCB200783F93 /* 701.swift */ = {isa = PBXFileReference; lastKnownFileType = sourcecode.swift; path = 701.swift; sourceTree = "<group>"; };
		E97B785C29279848008493C5 /* 263.swift */ = {isa = PBXFileReference; lastKnownFileType = sourcecode.swift; path = 263.swift; sourceTree = "<group>"; };
		E97B785E29279B2E008493C5 /* 1588.swift */ = {isa = PBXFileReference; lastKnownFileType = sourcecode.swift; path = 1588.swift; sourceTree = "<group>"; };
		E97B78602927A38B008493C5 /* 283.swift */ = {isa = PBXFileReference; lastKnownFileType = sourcecode.swift; path = 283.swift; sourceTree = "<group>"; };
		E97B78622927A81D008493C5 /* 1672.swift */ = {isa = PBXFileReference; lastKnownFileType = sourcecode.swift; path = 1672.swift; sourceTree = "<group>"; };
		E97E21DF290FE9D90092F32D /* 75.swift */ = {isa = PBXFileReference; lastKnownFileType = sourcecode.swift; path = 75.swift; sourceTree = "<group>"; };
		E97E21E1290FF4EF0092F32D /* 56.swift */ = {isa = PBXFileReference; lastKnownFileType = sourcecode.swift; path = 56.swift; sourceTree = "<group>"; };
		E97E21E3291003570092F32D /* 706.swift */ = {isa = PBXFileReference; lastKnownFileType = sourcecode.swift; path = 706.swift; sourceTree = "<group>"; };
		E98716DA292A2ABE00C29061 /* 587.swift */ = {isa = PBXFileReference; lastKnownFileType = sourcecode.swift; path = 587.swift; sourceTree = "<group>"; };
		E98716DC292A838300C29061 /* 1572.swift */ = {isa = PBXFileReference; lastKnownFileType = sourcecode.swift; path = 1572.swift; sourceTree = "<group>"; };
		E98716DE292A8A8F00C29061 /* 389.swift */ = {isa = PBXFileReference; lastKnownFileType = sourcecode.swift; path = 389.swift; sourceTree = "<group>"; };
		E98716E0292A8FEE00C29061 /* 1678.swift */ = {isa = PBXFileReference; lastKnownFileType = sourcecode.swift; path = 1678.swift; sourceTree = "<group>"; };
		E98716E2292A959B00C29061 /* 1768.swift */ = {isa = PBXFileReference; lastKnownFileType = sourcecode.swift; path = 1768.swift; sourceTree = "<group>"; };
		E9872FCD290D37DD00DDEA15 /* 98.swift */ = {isa = PBXFileReference; lastKnownFileType = sourcecode.swift; path = 98.swift; sourceTree = "<group>"; };
		E9872FCF290D436B00DDEA15 /* 653.swift */ = {isa = PBXFileReference; lastKnownFileType = sourcecode.swift; path = 653.swift; sourceTree = "<group>"; };
		E9872FD2290D54DF00DDEA15 /* 235.swift */ = {isa = PBXFileReference; lastKnownFileType = sourcecode.swift; path = 235.swift; sourceTree = "<group>"; };
		E9872FD4290D6FD200DDEA15 /* 509.swift */ = {isa = PBXFileReference; lastKnownFileType = sourcecode.swift; path = 509.swift; sourceTree = "<group>"; };
		E9872FD6290D738800DDEA15 /* 1137.swift */ = {isa = PBXFileReference; lastKnownFileType = sourcecode.swift; path = 1137.swift; sourceTree = "<group>"; };
		E9922B682937629700BFD52E /* 1207.swift */ = {isa = PBXFileReference; lastKnownFileType = sourcecode.swift; path = 1207.swift; sourceTree = "<group>"; };
		E9922B6A2937795400BFD52E /* 1014.swift */ = {isa = PBXFileReference; lastKnownFileType = sourcecode.swift; path = 1014.swift; sourceTree = "<group>"; };
		E9922B6C29377EB600BFD52E /* 122.swift */ = {isa = PBXFileReference; lastKnownFileType = sourcecode.swift; path = 122.swift; sourceTree = "<group>"; };
		E9922B6E2938B35100BFD52E /* 1704.swift */ = {isa = PBXFileReference; lastKnownFileType = sourcecode.swift; path = 1704.swift; sourceTree = "<group>"; };
		E9922B702938B5E700BFD52E /* 309.swift */ = {isa = PBXFileReference; lastKnownFileType = sourcecode.swift; path = 309.swift; sourceTree = "<group>"; };
		E9922B742938BA5300BFD52E /* 714.swift */ = {isa = PBXFileReference; lastKnownFileType = sourcecode.swift; path = 714.swift; sourceTree = "<group>"; };
		E9942FA92901A8A2005831CD /* 36.swift */ = {isa = PBXFileReference; lastKnownFileType = sourcecode.swift; path = 36.swift; sourceTree = "<group>"; };
		E9942FAB2901D9A2005831CD /* 74.swift */ = {isa = PBXFileReference; lastKnownFileType = sourcecode.swift; path = 74.swift; sourceTree = "<group>"; };
		E9947178293A018F00087710 /* 1657.swift */ = {isa = PBXFileReference; lastKnownFileType = sourcecode.swift; path = 1657.swift; sourceTree = "<group>"; };
		E994717A293A06F400087710 /* 42.swift */ = {isa = PBXFileReference; lastKnownFileType = sourcecode.swift; path = 42.swift; sourceTree = "<group>"; };
		E994717C293A0C9F00087710 /* 139.swift */ = {isa = PBXFileReference; lastKnownFileType = sourcecode.swift; path = 139.swift; sourceTree = "<group>"; };
		E9B2FD5B28FEAC34001F2DB7 /* Leetcode-Problems */ = {isa = PBXFileReference; explicitFileType = "compiled.mach-o.executable"; includeInIndex = 0; path = "Leetcode-Problems"; sourceTree = BUILT_PRODUCTS_DIR; };
		E9B2FD5E28FEAC34001F2DB7 /* main.swift */ = {isa = PBXFileReference; lastKnownFileType = sourcecode.swift; path = main.swift; sourceTree = "<group>"; };
		E9B2FD6528FEB4CD001F2DB7 /* 121.swift */ = {isa = PBXFileReference; lastKnownFileType = sourcecode.swift; path = 121.swift; sourceTree = "<group>"; };
		E9B2FD6728FEB616001F2DB7 /* 350.swift */ = {isa = PBXFileReference; lastKnownFileType = sourcecode.swift; path = 350.swift; sourceTree = "<group>"; };
		E9B5ADEA292BBF2300BC3980 /* 1926.swift */ = {isa = PBXFileReference; lastKnownFileType = sourcecode.swift; path = 1926.swift; sourceTree = "<group>"; };
		E9B5ADEC292BC89E00BC3980 /* 709.swift */ = {isa = PBXFileReference; lastKnownFileType = sourcecode.swift; path = 709.swift; sourceTree = "<group>"; };
		E9B5ADEE292BCD2000BC3980 /* 1309.swift */ = {isa = PBXFileReference; lastKnownFileType = sourcecode.swift; path = 1309.swift; sourceTree = "<group>"; };
		E9BE90EC29092A39005ABE0B /* 102.swift */ = {isa = PBXFileReference; lastKnownFileType = sourcecode.swift; path = 102.swift; sourceTree = "<group>"; };
		E9BE90EE29092B95005ABE0B /* BinaryTreeHelper.swift */ = {isa = PBXFileReference; lastKnownFileType = sourcecode.swift; path = BinaryTreeHelper.swift; sourceTree = "<group>"; };
		E9BE90F5290932EB005ABE0B /* template.swift */ = {isa = PBXFileReference; lastKnownFileType = sourcecode.swift; path = template.swift; sourceTree = "<group>"; };
		E9BE90F72909379D005ABE0B /* 104.swift */ = {isa = PBXFileReference; lastKnownFileType = sourcecode.swift; path = 104.swift; sourceTree = "<group>"; };
		E9BE90F9290939A0005ABE0B /* 101.swift */ = {isa = PBXFileReference; lastKnownFileType = sourcecode.swift; path = 101.swift; sourceTree = "<group>"; };
		E9BE90FB2909400A005ABE0B /* LinkedListHelper.swift */ = {isa = PBXFileReference; lastKnownFileType = sourcecode.swift; path = LinkedListHelper.swift; sourceTree = "<group>"; };
		E9C811E5292FB11700E0C809 /* 79.swift */ = {isa = PBXFileReference; lastKnownFileType = sourcecode.swift; path = 79.swift; sourceTree = "<group>"; };
		E9C811E72930077200E0C809 /* 1603.swift */ = {isa = PBXFileReference; lastKnownFileType = sourcecode.swift; path = 1603.swift; sourceTree = "<group>"; };
		E9C811E929300AFC00E0C809 /* 303.swift */ = {isa = PBXFileReference; lastKnownFileType = sourcecode.swift; path = 303.swift; sourceTree = "<group>"; };
		E9C9E9DD291413B80009DBD4 /* 2131.swift */ = {isa = PBXFileReference; lastKnownFileType = sourcecode.swift; path = 2131.swift; sourceTree = "<group>"; };
		E9D55EC4290A745500B9AB4F /* 226.swift */ = {isa = PBXFileReference; lastKnownFileType = sourcecode.swift; path = 226.swift; sourceTree = "<group>"; };
		E9D55EC6290A793B00B9AB4F /* 112.swift */ = {isa = PBXFileReference; lastKnownFileType = sourcecode.swift; path = 112.swift; sourceTree = "<group>"; };
		E9E53DEC2926333F007FB018 /* 223.swift */ = {isa = PBXFileReference; lastKnownFileType = sourcecode.swift; path = 223.swift; sourceTree = "<group>"; };
		E9E7B7D029042CB8003E1435 /* 141.swift */ = {isa = PBXFileReference; lastKnownFileType = sourcecode.swift; path = 141.swift; sourceTree = "<group>"; };
		E9E7B7D22904323D003E1435 /* 203.swift */ = {isa = PBXFileReference; lastKnownFileType = sourcecode.swift; path = 203.swift; sourceTree = "<group>"; };
		E9E7B7D429043318003E1435 /* 21.swift */ = {isa = PBXFileReference; lastKnownFileType = sourcecode.swift; path = 21.swift; sourceTree = "<group>"; };
		E9EE24752911878400149D5D /* 191.swift */ = {isa = PBXFileReference; lastKnownFileType = sourcecode.swift; path = 191.swift; sourceTree = "<group>"; };
		E9EE247729118C2C00149D5D /* 1281.swift */ = {isa = PBXFileReference; lastKnownFileType = sourcecode.swift; path = 1281.swift; sourceTree = "<group>"; };
		E9EE2479291190EC00149D5D /* 119.swift */ = {isa = PBXFileReference; lastKnownFileType = sourcecode.swift; path = 119.swift; sourceTree = "<group>"; };
		E9F5D7042902E22F00841416 /* 387.swift */ = {isa = PBXFileReference; lastKnownFileType = sourcecode.swift; path = 387.swift; sourceTree = "<group>"; };
		E9F5D7062902E3DE00841416 /* 383.swift */ = {isa = PBXFileReference; lastKnownFileType = sourcecode.swift; path = 383.swift; sourceTree = "<group>"; };
		E9F5D7082902F63C00841416 /* 242.swift */ = {isa = PBXFileReference; lastKnownFileType = sourcecode.swift; path = 242.swift; sourceTree = "<group>"; };
/* End PBXFileReference section */

/* Begin PBXFrameworksBuildPhase section */
		E9B2FD5828FEAC34001F2DB7 /* Frameworks */ = {
			isa = PBXFrameworksBuildPhase;
			buildActionMask = 2147483647;
			files = (
			);
			runOnlyForDeploymentPostprocessing = 0;
		};
/* End PBXFrameworksBuildPhase section */

/* Begin PBXGroup section */
		E9922B722938B9C600BFD52E /* BT2BASS */ = {
			isa = PBXGroup;
			children = (
				E9B2FD6528FEB4CD001F2DB7 /* 121.swift */,
			);
			path = BT2BASS;
			sourceTree = "<group>";
		};
		E9922B732938B9E000BFD52E /* BT2BASS */ = {
			isa = PBXGroup;
			children = (
				E9922B6C29377EB600BFD52E /* 122.swift */,
				E9922B702938B5E700BFD52E /* 309.swift */,
				E9922B742938BA5300BFD52E /* 714.swift */,
			);
			path = BT2BASS;
			sourceTree = "<group>";
		};
		E9922B762938C13400BFD52E /* Trees */ = {
			isa = PBXGroup;
			children = (
				E9455C322907E5D4008A9951 /* 94.swift */,
				E9BE90F9290939A0005ABE0B /* 101.swift */,
				E9BE90F72909379D005ABE0B /* 104.swift */,
				E9D55EC6290A793B00B9AB4F /* 112.swift */,
				E926E2592907D0B4004685BA /* 144.swift */,
				E9455C342907EB5E008A9951 /* 145.swift */,
				E9D55EC4290A745500B9AB4F /* 226.swift */,
				E95EDBBC292E6ABF00AE8B5B /* 404.swift */,
				E96B5374291533E700C06C94 /* 589.swift */,
				E9872FCF290D436B00DDEA15 /* 653.swift */,
				E951F29E290BF621005EF1B2 /* 700.swift */,
				E978677B290BFCB200783F93 /* 701.swift */,
			);
			path = Trees;
			sourceTree = "<group>";
		};
		E9922B772938C4BE00BFD52E /* Trees */ = {
			isa = PBXGroup;
			children = (
				E9872FCD290D37DD00DDEA15 /* 98.swift */,
				E9BE90EC29092A39005ABE0B /* 102.swift */,
				E96551D02923D191002BD027 /* 222.swift */,
				E9872FD2290D54DF00DDEA15 /* 235.swift */,
			);
			path = Trees;
			sourceTree = "<group>";
		};
		E9B2FD5228FEAC34001F2DB7 = {
			isa = PBXGroup;
			children = (
				E9B2FD5D28FEAC34001F2DB7 /* Leetcode-Problems */,
				E9B2FD5C28FEAC34001F2DB7 /* Products */,
			);
			sourceTree = "<group>";
		};
		E9B2FD5C28FEAC34001F2DB7 /* Products */ = {
			isa = PBXGroup;
			children = (
				E9B2FD5B28FEAC34001F2DB7 /* Leetcode-Problems */,
			);
			name = Products;
			sourceTree = "<group>";
		};
		E9B2FD5D28FEAC34001F2DB7 /* Leetcode-Problems */ = {
			isa = PBXGroup;
			children = (
				E9BE90F329092CBC005ABE0B /* Template */,
				E9BE90F429092CC3005ABE0B /* Shared */,
				E9BE90F229092CB7005ABE0B /* Hard */,
				E9BE90F129092CA7005ABE0B /* Medium */,
				E9BE90F029092CA0005ABE0B /* Easy */,
				E9B2FD5E28FEAC34001F2DB7 /* main.swift */,
			);
			path = "Leetcode-Problems";
			sourceTree = "<group>";
		};
		E9BE90F029092CA0005ABE0B /* Easy */ = {
			isa = PBXGroup;
			children = (
				E9922B722938B9C600BFD52E /* BT2BASS */,
				E9922B762938C13400BFD52E /* Trees */,
				E975ED76290677CB00533948 /* 20.swift */,
				E9E7B7D429043318003E1435 /* 21.swift */,
				E96A3576290E64C400451892 /* 70.swift */,
				E9184B5429054C9900509C12 /* 83.swift */,
				E96B866428FFEA1400E9F022 /* 118.swift */,
				E9EE2479291190EC00149D5D /* 119.swift */,
				E96A357A290F304E00451892 /* 136.swift */,
				E9E7B7D029042CB8003E1435 /* 141.swift */,
				E96A357C290F337600451892 /* 169.swift */,
				E9EE24752911878400149D5D /* 191.swift */,
				E96DB3F32913C13100CCD8F1 /* 202.swift */,
				E9E7B7D22904323D003E1435 /* 203.swift */,
				E9184B522905448100509C12 /* 206.swift */,
				E95EDBC0292E73D200AE8B5B /* 217.swift */,
				E975ED7829067B2C00533948 /* 232.swift */,
				E95EDBC2292E844800AE8B5B /* 232bis.swift */,
				E9F5D7082902F63C00841416 /* 242.swift */,
				E97B785C29279848008493C5 /* 263.swift */,
				E97B78602927A38B008493C5 /* 283.swift */,
				E9C811E929300AFC00E0C809 /* 303.swift */,
				E96B536A291507A500C06C94 /* 345.swift */,
				E9B2FD6728FEB616001F2DB7 /* 350.swift */,
				E9057DBD2924D36600623C27 /* 374.swift */,
				E9F5D7062902E3DE00841416 /* 383.swift */,
				E9F5D7042902E22F00841416 /* 387.swift */,
				E98716DE292A8A8F00C29061 /* 389.swift */,
				E96B537629153BDC00C06C94 /* 496.swift */,
				E9872FD4290D6FD200DDEA15 /* 509.swift */,
				E96B866228FFD8C800E9F022 /* 566.swift */,
				E96B86662900002300E9F022 /* 692.swift */,
				E97E21E3291003570092F32D /* 706.swift */,
				E9B5ADEC292BC89E00BC3980 /* 709.swift */,
				E96A3578290E681F00451892 /* 746.swift */,
				E95EDBBA292E67DB00AE8B5B /* 876.swift */,
				E9651AC8292C15F400D40B6F /* 953.swift */,
				E96DB3EB2912C0EF00CCD8F1 /* 976.swift */,
				E9872FD6290D738800DDEA15 /* 1137.swift */,
				E9922B682937629700BFD52E /* 1207.swift */,
				E96B5378291540FD00C06C94 /* 1232.swift */,
				E9EE247729118C2C00149D5D /* 1281.swift */,
				E95EDBB8292E630400AE8B5B /* 1290.swift */,
				E9B5ADEE292BCD2000BC3980 /* 1309.swift */,
				E95EDBBE292E6EB100AE8B5B /* 1356.swift */,
				E96CD21829103F9F00C88850 /* 1491.swift */,
				E96DB3F12913BC5700CCD8F1 /* 1502.swift */,
				E96CD21629103AC400C88850 /* 1523.swift */,
				E98716DC292A838300C29061 /* 1572.swift */,
				E97B785E29279B2E008493C5 /* 1588.swift */,
				E9C811E72930077200E0C809 /* 1603.swift */,
				E97B78622927A81D008493C5 /* 1672.swift */,
				E98716E0292A8FEE00C29061 /* 1678.swift */,
				E9922B6E2938B35100BFD52E /* 1704.swift */,
				E98716E2292A959B00C29061 /* 1768.swift */,
				E96DB3ED2912C47500CCD8F1 /* 1779.swift */,
				E96DB3F52913F2EE00CCD8F1 /* 1790.swift */,
				E96DB3EF2913B8ED00CCD8F1 /* 1822.swift */,
			);
			path = Easy;
			sourceTree = "<group>";
		};
		E9BE90F129092CA7005ABE0B /* Medium */ = {
			isa = PBXGroup;
			children = (
				E9922B732938B9E000BFD52E /* BT2BASS */,
				E9922B772938C4BE00BFD52E /* Trees */,
				E96A357E290F37A800451892 /* 15.swift */,
				E9942FA92901A8A2005831CD /* 36.swift */,
				E959C00229336D7F00D13B09 /* 45.swift */,
				E96BFE8A293528F600588F93 /* 53.swift */,
				E959C00029336C2D00D13B09 /* 55.swift */,
				E97E21E1290FF4EF0092F32D /* 56.swift */,
				E9942FAB2901D9A2005831CD /* 74.swift */,
				E97E21DF290FE9D90092F32D /* 75.swift */,
				E9C811E5292FB11700E0C809 /* 79.swift */,
				E994717C293A0C9F00087710 /* 139.swift */,
				E967E47629362EA300B04987 /* 152.swift */,
				E96CD2142910347000C88850 /* 198.swift */,
				E96CD21A29104F8800C88850 /* 213.swift */,
				E9E53DEC2926333F007FB018 /* 223.swift */,
				E9057DBF2924DD2600623C27 /* 240.swift */,
				E95A18C5292CD09B00DB8B32 /* 279.swift */,
				E967E47429362CBF00B04987 /* 380.swift */,
				E96B536C2915105000C06C94 /* 433.swift */,
				E9057DC12924EBCF00623C27 /* 435.swift */,
				E96CD21C2910537D00C88850 /* 740.swift */,
				E96BFE8C29352BA400588F93 /* 918.swift */,
				E9922B6A2937795400BFD52E /* 1014.swift */,
				E967E4782936347B00B04987 /* 1567.swift */,
				E9947178293A018F00087710 /* 1657.swift */,
				E96B536E291521B400C06C94 /* 1706.swift */,
				E9B5ADEA292BBF2300BC3980 /* 1926.swift */,
				E9C9E9DD291413B80009DBD4 /* 2131.swift */,
				E96BFE882935255700588F93 /* 2225.swift */,
			);
			path = Medium;
			sourceTree = "<group>";
		};
		E9BE90F229092CB7005ABE0B /* Hard */ = {
			isa = PBXGroup;
			children = (
				E994717A293A06F400087710 /* 42.swift */,
				E959C00429336FA400D13B09 /* 446.swift */,
				E98716DA292A2ABE00C29061 /* 587.swift */,
			);
			path = Hard;
			sourceTree = "<group>";
		};
		E9BE90F329092CBC005ABE0B /* Template */ = {
			isa = PBXGroup;
			children = (
				E9BE90F5290932EB005ABE0B /* template.swift */,
			);
			path = Template;
			sourceTree = "<group>";
		};
		E9BE90F429092CC3005ABE0B /* Shared */ = {
			isa = PBXGroup;
			children = (
				E9BE90EE29092B95005ABE0B /* BinaryTreeHelper.swift */,
				E9668B012919CDB100440D9A /* EnaryTreeHelper.swift */,
				E9BE90FB2909400A005ABE0B /* LinkedListHelper.swift */,
				E9184B562905528C00509C12 /* ListNode.swift */,
				E96B53702915258600C06C94 /* Node.swift */,
				E926E2572907CFD0004685BA /* TreeNode.swift */,
			);
			path = Shared;
			sourceTree = "<group>";
		};
/* End PBXGroup section */

/* Begin PBXNativeTarget section */
		E9B2FD5A28FEAC34001F2DB7 /* Leetcode-Problems */ = {
			isa = PBXNativeTarget;
			buildConfigurationList = E9B2FD6228FEAC34001F2DB7 /* Build configuration list for PBXNativeTarget "Leetcode-Problems" */;
			buildPhases = (
				E9B2FD5728FEAC34001F2DB7 /* Sources */,
				E9872FD1290D4AFB00DDEA15 /* ShellScript */,
				E9B2FD5828FEAC34001F2DB7 /* Frameworks */,
				E9B2FD5928FEAC34001F2DB7 /* CopyFiles */,
			);
			buildRules = (
			);
			dependencies = (
			);
			name = "Leetcode-Problems";
			productName = "Leetcode-Problems";
			productReference = E9B2FD5B28FEAC34001F2DB7 /* Leetcode-Problems */;
			productType = "com.apple.product-type.tool";
		};
/* End PBXNativeTarget section */

/* Begin PBXProject section */
		E9B2FD5328FEAC34001F2DB7 /* Project object */ = {
			isa = PBXProject;
			attributes = {
				BuildIndependentTargetsInParallel = 1;
				LastSwiftUpdateCheck = 1400;
				LastUpgradeCheck = 1400;
				TargetAttributes = {
					E9B2FD5A28FEAC34001F2DB7 = {
						CreatedOnToolsVersion = 14.0.1;
					};
				};
			};
			buildConfigurationList = E9B2FD5628FEAC34001F2DB7 /* Build configuration list for PBXProject "Leetcode-Problems" */;
			compatibilityVersion = "Xcode 14.0";
			developmentRegion = en;
			hasScannedForEncodings = 0;
			knownRegions = (
				en,
				Base,
			);
			mainGroup = E9B2FD5228FEAC34001F2DB7;
			productRefGroup = E9B2FD5C28FEAC34001F2DB7 /* Products */;
			projectDirPath = "";
			projectRoot = "";
			targets = (
				E9B2FD5A28FEAC34001F2DB7 /* Leetcode-Problems */,
			);
		};
/* End PBXProject section */

/* Begin PBXShellScriptBuildPhase section */
		E9872FD1290D4AFB00DDEA15 /* ShellScript */ = {
			isa = PBXShellScriptBuildPhase;
			alwaysOutOfDate = 1;
			buildActionMask = 2147483647;
			files = (
			);
			inputFileListPaths = (
			);
			inputPaths = (
			);
			outputFileListPaths = (
			);
			outputPaths = (
			);
			runOnlyForDeploymentPostprocessing = 0;
			shellPath = /bin/sh;
			shellScript = "PATH=/opt/homebrew/bin:$PATH\nif [ -f ~/com.raywenderlich.swiftlint.yml ]; then\n  if which swiftlint >/dev/null; then\n    swiftlint --no-cache --config ~/com.raywenderlich.swiftlint.yml\n  fi\nfi\n";
		};
/* End PBXShellScriptBuildPhase section */

/* Begin PBXSourcesBuildPhase section */
		E9B2FD5728FEAC34001F2DB7 /* Sources */ = {
			isa = PBXSourcesBuildPhase;
			buildActionMask = 2147483647;
			files = (
				E9922B752938BA5300BFD52E /* 714.swift in Sources */,
				E96B536D2915105000C06C94 /* 433.swift in Sources */,
				E9B2FD6628FEB4CD001F2DB7 /* 121.swift in Sources */,
				E9F5D7092902F63C00841416 /* 242.swift in Sources */,
				E95EDBBB292E67DB00AE8B5B /* 876.swift in Sources */,
				E975ED7929067B2C00533948 /* 232.swift in Sources */,
				E96BFE8B293528F700588F93 /* 53.swift in Sources */,
				E96DB3F02913B8ED00CCD8F1 /* 1822.swift in Sources */,
				E9E53DED2926333F007FB018 /* 223.swift in Sources */,
				E9EE24762911878400149D5D /* 191.swift in Sources */,
				E97E21E0290FE9D90092F32D /* 75.swift in Sources */,
				E9872FD7290D738800DDEA15 /* 1137.swift in Sources */,
				E9BE90F6290932EB005ABE0B /* template.swift in Sources */,
				E926E2582907CFD0004685BA /* TreeNode.swift in Sources */,
				E96BFE892935255700588F93 /* 2225.swift in Sources */,
				E9E7B7D529043318003E1435 /* 21.swift in Sources */,
				E9942FAA2901A8A2005831CD /* 36.swift in Sources */,
				E994717B293A06F400087710 /* 42.swift in Sources */,
				E95EDBBD292E6ABF00AE8B5B /* 404.swift in Sources */,
				E9057DBE2924D36600623C27 /* 374.swift in Sources */,
				E96DB3EC2912C0EF00CCD8F1 /* 976.swift in Sources */,
				E9922B6B2937795400BFD52E /* 1014.swift in Sources */,
				E9455C332907E5D4008A9951 /* 94.swift in Sources */,
				E98716E3292A959B00C29061 /* 1768.swift in Sources */,
				E9BE90ED29092A39005ABE0B /* 102.swift in Sources */,
				E9F5D7052902E22F00841416 /* 387.swift in Sources */,
				E9EE247A291190EC00149D5D /* 119.swift in Sources */,
				E9BE90FC2909400A005ABE0B /* LinkedListHelper.swift in Sources */,
				E98716DF292A8A8F00C29061 /* 389.swift in Sources */,
				E98716DD292A838300C29061 /* 1572.swift in Sources */,
				E95EDBB9292E630400AE8B5B /* 1290.swift in Sources */,
				E978677C290BFCB200783F93 /* 701.swift in Sources */,
				E9872FD5290D6FD200DDEA15 /* 509.swift in Sources */,
				E97B785D29279848008493C5 /* 263.swift in Sources */,
				E9B5ADEF292BCD2000BC3980 /* 1309.swift in Sources */,
				E97E21E4291003570092F32D /* 706.swift in Sources */,
				E96B5375291533E700C06C94 /* 589.swift in Sources */,
				E96BFE8D29352BA400588F93 /* 918.swift in Sources */,
				E96CD21729103AC400C88850 /* 1523.swift in Sources */,
				E98716DB292A2ABE00C29061 /* 587.swift in Sources */,
				E96B537729153BDC00C06C94 /* 496.swift in Sources */,
				E9BE90FA290939A0005ABE0B /* 101.swift in Sources */,
				E9C9E9DE291413B80009DBD4 /* 2131.swift in Sources */,
				E95EDBC1292E73D200AE8B5B /* 217.swift in Sources */,
				E9057DC22924EBCF00623C27 /* 435.swift in Sources */,
				E9922B692937629700BFD52E /* 1207.swift in Sources */,
				E96DB3EE2912C47500CCD8F1 /* 1779.swift in Sources */,
				E96A357B290F304E00451892 /* 136.swift in Sources */,
				E967E4792936347B00B04987 /* 1567.swift in Sources */,
				E9B5ADED292BC89E00BC3980 /* 709.swift in Sources */,
				E9455C352907EB5E008A9951 /* 145.swift in Sources */,
				E97B78612927A38B008493C5 /* 283.swift in Sources */,
				E9872FD0290D436B00DDEA15 /* 653.swift in Sources */,
				E9E7B7D32904323D003E1435 /* 203.swift in Sources */,
				E9EE247829118C2C00149D5D /* 1281.swift in Sources */,
				E9922B712938B5E700BFD52E /* 309.swift in Sources */,
				E9C811E82930077200E0C809 /* 1603.swift in Sources */,
				E96551D12923D191002BD027 /* 222.swift in Sources */,
				E96CD21B29104F8800C88850 /* 213.swift in Sources */,
				E9B5ADEB292BBF2300BC3980 /* 1926.swift in Sources */,
				E96B53712915258600C06C94 /* Node.swift in Sources */,
				E9947179293A018F00087710 /* 1657.swift in Sources */,
				E96B86672900002300E9F022 /* 692.swift in Sources */,
				E9BE90F82909379D005ABE0B /* 104.swift in Sources */,
				E98716E1292A8FEE00C29061 /* 1678.swift in Sources */,
				E9184B532905448100509C12 /* 206.swift in Sources */,
				E959C00329336D7F00D13B09 /* 45.swift in Sources */,
				E96CD21D2910537D00C88850 /* 740.swift in Sources */,
				E96A3579290E681F00451892 /* 746.swift in Sources */,
				E9872FCE290D37DD00DDEA15 /* 98.swift in Sources */,
				E9184B572905528C00509C12 /* ListNode.swift in Sources */,
				E9F5D7072902E3DE00841416 /* 383.swift in Sources */,
				E9872FD3290D54DF00DDEA15 /* 235.swift in Sources */,
				E9E7B7D129042CB8003E1435 /* 141.swift in Sources */,
				E9C811EA29300AFC00E0C809 /* 303.swift in Sources */,
				E96B536B291507A500C06C94 /* 345.swift in Sources */,
				E96A357F290F37A800451892 /* 15.swift in Sources */,
				E9922B6F2938B35100BFD52E /* 1704.swift in Sources */,
				E975ED77290677CB00533948 /* 20.swift in Sources */,
				E95EDBBF292E6EB100AE8B5B /* 1356.swift in Sources */,
				E97B78632927A81D008493C5 /* 1672.swift in Sources */,
				E95A18C6292CD09B00DB8B32 /* 279.swift in Sources */,
				E96DB3F22913BC5700CCD8F1 /* 1502.swift in Sources */,
				E967E47729362EA300B04987 /* 152.swift in Sources */,
				E96DB3F62913F2EE00CCD8F1 /* 1790.swift in Sources */,
				E95EDBC3292E844800AE8B5B /* 232bis.swift in Sources */,
				E96B5379291540FD00C06C94 /* 1232.swift in Sources */,
				E9668B022919CDB100440D9A /* EnaryTreeHelper.swift in Sources */,
				E9922B6D29377EB600BFD52E /* 122.swift in Sources */,
				E967E47529362CBF00B04987 /* 380.swift in Sources */,
				E96B866528FFEA1400E9F022 /* 118.swift in Sources */,
				E96A357D290F337600451892 /* 169.swift in Sources */,
				E9D55EC5290A745500B9AB4F /* 226.swift in Sources */,
				E97B785F29279B2E008493C5 /* 1588.swift in Sources */,
				E96B866328FFD8C800E9F022 /* 566.swift in Sources */,
				E96CD21929103F9F00C88850 /* 1491.swift in Sources */,
				E9057DC02924DD2600623C27 /* 240.swift in Sources */,
				E9651AC9292C15F500D40B6F /* 953.swift in Sources */,
				E96B536F291521B400C06C94 /* 1706.swift in Sources */,
				E9B2FD5F28FEAC34001F2DB7 /* main.swift in Sources */,
				E994717D293A0C9F00087710 /* 139.swift in Sources */,
				E959C00529336FA400D13B09 /* 446.swift in Sources */,
				E9D55EC7290A793B00B9AB4F /* 112.swift in Sources */,
				E9942FAC2901D9A2005831CD /* 74.swift in Sources */,
				E97E21E2290FF4EF0092F32D /* 56.swift in Sources */,
				E951F29F290BF621005EF1B2 /* 700.swift in Sources */,
				E959C00129336C2D00D13B09 /* 55.swift in Sources */,
				E9BE90EF29092B95005ABE0B /* BinaryTreeHelper.swift in Sources */,
				E96A3577290E64C400451892 /* 70.swift in Sources */,
				E926E25A2907D0B4004685BA /* 144.swift in Sources */,
				E96DB3F42913C13100CCD8F1 /* 202.swift in Sources */,
				E9184B5529054C9900509C12 /* 83.swift in Sources */,
				E96CD2152910347000C88850 /* 198.swift in Sources */,
				E9C811E6292FB11700E0C809 /* 79.swift in Sources */,
				E9B2FD6828FEB616001F2DB7 /* 350.swift in Sources */,
			);
			runOnlyForDeploymentPostprocessing = 0;
		};
/* End PBXSourcesBuildPhase section */

/* Begin XCBuildConfiguration section */
		E9B2FD6028FEAC34001F2DB7 /* Debug */ = {
			isa = XCBuildConfiguration;
			buildSettings = {
				ALWAYS_SEARCH_USER_PATHS = NO;
				CLANG_ANALYZER_NONNULL = YES;
				CLANG_ANALYZER_NUMBER_OBJECT_CONVERSION = YES_AGGRESSIVE;
				CLANG_CXX_LANGUAGE_STANDARD = "gnu++20";
				CLANG_ENABLE_MODULES = YES;
				CLANG_ENABLE_OBJC_ARC = YES;
				CLANG_ENABLE_OBJC_WEAK = YES;
				CLANG_WARN_BLOCK_CAPTURE_AUTORELEASING = YES;
				CLANG_WARN_BOOL_CONVERSION = YES;
				CLANG_WARN_COMMA = YES;
				CLANG_WARN_CONSTANT_CONVERSION = YES;
				CLANG_WARN_DEPRECATED_OBJC_IMPLEMENTATIONS = YES;
				CLANG_WARN_DIRECT_OBJC_ISA_USAGE = YES_ERROR;
				CLANG_WARN_DOCUMENTATION_COMMENTS = YES;
				CLANG_WARN_EMPTY_BODY = YES;
				CLANG_WARN_ENUM_CONVERSION = YES;
				CLANG_WARN_INFINITE_RECURSION = YES;
				CLANG_WARN_INT_CONVERSION = YES;
				CLANG_WARN_NON_LITERAL_NULL_CONVERSION = YES;
				CLANG_WARN_OBJC_IMPLICIT_RETAIN_SELF = YES;
				CLANG_WARN_OBJC_LITERAL_CONVERSION = YES;
				CLANG_WARN_OBJC_ROOT_CLASS = YES_ERROR;
				CLANG_WARN_QUOTED_INCLUDE_IN_FRAMEWORK_HEADER = YES;
				CLANG_WARN_RANGE_LOOP_ANALYSIS = YES;
				CLANG_WARN_STRICT_PROTOTYPES = YES;
				CLANG_WARN_SUSPICIOUS_MOVE = YES;
				CLANG_WARN_UNGUARDED_AVAILABILITY = YES_AGGRESSIVE;
				CLANG_WARN_UNREACHABLE_CODE = YES;
				CLANG_WARN__DUPLICATE_METHOD_MATCH = YES;
				COPY_PHASE_STRIP = NO;
				DEBUG_INFORMATION_FORMAT = dwarf;
				ENABLE_STRICT_OBJC_MSGSEND = YES;
				ENABLE_TESTABILITY = YES;
				GCC_C_LANGUAGE_STANDARD = gnu11;
				GCC_DYNAMIC_NO_PIC = NO;
				GCC_NO_COMMON_BLOCKS = YES;
				GCC_OPTIMIZATION_LEVEL = 0;
				GCC_PREPROCESSOR_DEFINITIONS = (
					"DEBUG=1",
					"$(inherited)",
				);
				GCC_WARN_64_TO_32_BIT_CONVERSION = YES;
				GCC_WARN_ABOUT_RETURN_TYPE = YES_ERROR;
				GCC_WARN_UNDECLARED_SELECTOR = YES;
				GCC_WARN_UNINITIALIZED_AUTOS = YES_AGGRESSIVE;
				GCC_WARN_UNUSED_FUNCTION = YES;
				GCC_WARN_UNUSED_VARIABLE = YES;
				MACOSX_DEPLOYMENT_TARGET = 12.3;
				MTL_ENABLE_DEBUG_INFO = INCLUDE_SOURCE;
				MTL_FAST_MATH = YES;
				ONLY_ACTIVE_ARCH = YES;
				SDKROOT = macosx;
				SWIFT_ACTIVE_COMPILATION_CONDITIONS = DEBUG;
				SWIFT_OPTIMIZATION_LEVEL = "-Onone";
			};
			name = Debug;
		};
		E9B2FD6128FEAC34001F2DB7 /* Release */ = {
			isa = XCBuildConfiguration;
			buildSettings = {
				ALWAYS_SEARCH_USER_PATHS = NO;
				CLANG_ANALYZER_NONNULL = YES;
				CLANG_ANALYZER_NUMBER_OBJECT_CONVERSION = YES_AGGRESSIVE;
				CLANG_CXX_LANGUAGE_STANDARD = "gnu++20";
				CLANG_ENABLE_MODULES = YES;
				CLANG_ENABLE_OBJC_ARC = YES;
				CLANG_ENABLE_OBJC_WEAK = YES;
				CLANG_WARN_BLOCK_CAPTURE_AUTORELEASING = YES;
				CLANG_WARN_BOOL_CONVERSION = YES;
				CLANG_WARN_COMMA = YES;
				CLANG_WARN_CONSTANT_CONVERSION = YES;
				CLANG_WARN_DEPRECATED_OBJC_IMPLEMENTATIONS = YES;
				CLANG_WARN_DIRECT_OBJC_ISA_USAGE = YES_ERROR;
				CLANG_WARN_DOCUMENTATION_COMMENTS = YES;
				CLANG_WARN_EMPTY_BODY = YES;
				CLANG_WARN_ENUM_CONVERSION = YES;
				CLANG_WARN_INFINITE_RECURSION = YES;
				CLANG_WARN_INT_CONVERSION = YES;
				CLANG_WARN_NON_LITERAL_NULL_CONVERSION = YES;
				CLANG_WARN_OBJC_IMPLICIT_RETAIN_SELF = YES;
				CLANG_WARN_OBJC_LITERAL_CONVERSION = YES;
				CLANG_WARN_OBJC_ROOT_CLASS = YES_ERROR;
				CLANG_WARN_QUOTED_INCLUDE_IN_FRAMEWORK_HEADER = YES;
				CLANG_WARN_RANGE_LOOP_ANALYSIS = YES;
				CLANG_WARN_STRICT_PROTOTYPES = YES;
				CLANG_WARN_SUSPICIOUS_MOVE = YES;
				CLANG_WARN_UNGUARDED_AVAILABILITY = YES_AGGRESSIVE;
				CLANG_WARN_UNREACHABLE_CODE = YES;
				CLANG_WARN__DUPLICATE_METHOD_MATCH = YES;
				COPY_PHASE_STRIP = NO;
				DEBUG_INFORMATION_FORMAT = "dwarf-with-dsym";
				ENABLE_NS_ASSERTIONS = NO;
				ENABLE_STRICT_OBJC_MSGSEND = YES;
				GCC_C_LANGUAGE_STANDARD = gnu11;
				GCC_NO_COMMON_BLOCKS = YES;
				GCC_WARN_64_TO_32_BIT_CONVERSION = YES;
				GCC_WARN_ABOUT_RETURN_TYPE = YES_ERROR;
				GCC_WARN_UNDECLARED_SELECTOR = YES;
				GCC_WARN_UNINITIALIZED_AUTOS = YES_AGGRESSIVE;
				GCC_WARN_UNUSED_FUNCTION = YES;
				GCC_WARN_UNUSED_VARIABLE = YES;
				MACOSX_DEPLOYMENT_TARGET = 12.3;
				MTL_ENABLE_DEBUG_INFO = NO;
				MTL_FAST_MATH = YES;
				SDKROOT = macosx;
				SWIFT_COMPILATION_MODE = wholemodule;
				SWIFT_OPTIMIZATION_LEVEL = "-O";
			};
			name = Release;
		};
		E9B2FD6328FEAC34001F2DB7 /* Debug */ = {
			isa = XCBuildConfiguration;
			buildSettings = {
				CODE_SIGN_STYLE = Automatic;
				DEVELOPMENT_TEAM = 35HGB43CC5;
				ENABLE_HARDENED_RUNTIME = YES;
				PRODUCT_NAME = "$(TARGET_NAME)";
				SWIFT_VERSION = 5.0;
			};
			name = Debug;
		};
		E9B2FD6428FEAC34001F2DB7 /* Release */ = {
			isa = XCBuildConfiguration;
			buildSettings = {
				CODE_SIGN_STYLE = Automatic;
				DEVELOPMENT_TEAM = 35HGB43CC5;
				ENABLE_HARDENED_RUNTIME = YES;
				PRODUCT_NAME = "$(TARGET_NAME)";
				SWIFT_VERSION = 5.0;
			};
			name = Release;
		};
/* End XCBuildConfiguration section */

/* Begin XCConfigurationList section */
		E9B2FD5628FEAC34001F2DB7 /* Build configuration list for PBXProject "Leetcode-Problems" */ = {
			isa = XCConfigurationList;
			buildConfigurations = (
				E9B2FD6028FEAC34001F2DB7 /* Debug */,
				E9B2FD6128FEAC34001F2DB7 /* Release */,
			);
			defaultConfigurationIsVisible = 0;
			defaultConfigurationName = Release;
		};
		E9B2FD6228FEAC34001F2DB7 /* Build configuration list for PBXNativeTarget "Leetcode-Problems" */ = {
			isa = XCConfigurationList;
			buildConfigurations = (
				E9B2FD6328FEAC34001F2DB7 /* Debug */,
				E9B2FD6428FEAC34001F2DB7 /* Release */,
			);
			defaultConfigurationIsVisible = 0;
			defaultConfigurationName = Release;
		};
/* End XCConfigurationList section */
	};
	rootObject = E9B2FD5328FEAC34001F2DB7 /* Project object */;
}
